
Microsoft Visual Studio Solution File, Format Version 12.00
# Visual Studio Version 16
VisualStudioVersion = 16.0.31205.134
MinimumVisualStudioVersion = 10.0.40219.1
Project("{FAE04EC0-301F-11D3-BF4B-00C04F79EFBC}") = "RegularExp", "RegularExp.csproj", "{8B6A9135-1D9A-4F01-A909-333EA564FB94}"
EndProject
Global
	GlobalSection(SolutionConfigurationPlatforms) = preSolution
		Debug|Any CPU = Debug|Any CPU
		Release|Any CPU = Release|Any CPU
	EndGlobalSection
	GlobalSection(ProjectConfigurationPlatforms) = postSolution
		{8B6A9135-1D9A-4F01-A909-333EA564FB94}.Debug|Any CPU.ActiveCfg = Debug|Any CPU
		{8B6A9135-1D9A-4F01-A909-333EA564FB94}.Debug|Any CPU.Build.0 = Debug|Any CPU
		{8B6A9135-1D9A-4F01-A909-333EA564FB94}.Release|Any CPU.ActiveCfg = Release|Any CPU
		{8B6A9135-1D9A-4F01-A909-333EA564FB94}.Release|Any CPU.Build.0 = Release|Any CPU
	EndGlobalSection
	GlobalSection(SolutionProperties) = preSolution
		HideSolutionNode = FALSE
	EndGlobalSection
	GlobalSection(ExtensibilityGlobals) = postSolution
		SolutionGuid = {6CC60C79-90EA-4661-BF6A-1D783A1B32E9}
	EndGlobalSection
EndGlobal
